// !$*UTF8*$!
{
	archiveVersion = 1;
	classes = {
	};
	objectVersion = 56;
	objects = {

/* Begin PBXBuildFile section */
		3CBA39192BFEEFD90067CA55 /* AppDelegate.swift in Sources */ = {isa = PBXBuildFile; fileRef = 3CBA39182BFEEFD90067CA55 /* AppDelegate.swift */; };
		3CBA391B2BFEEFD90067CA55 /* SceneDelegate.swift in Sources */ = {isa = PBXBuildFile; fileRef = 3CBA391A2BFEEFD90067CA55 /* SceneDelegate.swift */; };
		3CBA391D2BFEEFD90067CA55 /* ViewController.swift in Sources */ = {isa = PBXBuildFile; fileRef = 3CBA391C2BFEEFD90067CA55 /* ViewController.swift */; };
		3CBA39202BFEEFD90067CA55 /* Main.storyboard in Resources */ = {isa = PBXBuildFile; fileRef = 3CBA391E2BFEEFD90067CA55 /* Main.storyboard */; };
		3CBA39222BFEEFDB0067CA55 /* Assets.xcassets in Resources */ = {isa = PBXBuildFile; fileRef = 3CBA39212BFEEFDB0067CA55 /* Assets.xcassets */; };
		3CBA39252BFEEFDB0067CA55 /* LaunchScreen.storyboard in Resources */ = {isa = PBXBuildFile; fileRef = 3CBA39232BFEEFDB0067CA55 /* LaunchScreen.storyboard */; };
		3CBA394C2BFF00280067CA55 /* UIStoryboard.swift in Sources */ = {isa = PBXBuildFile; fileRef = 3CBA394B2BFF00280067CA55 /* UIStoryboard.swift */; };
		3CBA394E2BFF00540067CA55 /* Number1ViewController.swift in Sources */ = {isa = PBXBuildFile; fileRef = 3CBA394D2BFF00540067CA55 /* Number1ViewController.swift */; };
		3CBA39502BFF005A0067CA55 /* Number1ViewController.storyboard in Resources */ = {isa = PBXBuildFile; fileRef = 3CBA394F2BFF005A0067CA55 /* Number1ViewController.storyboard */; };
		3CBA39522BFF73C70067CA55 /* Number2ViewController.swift in Sources */ = {isa = PBXBuildFile; fileRef = 3CBA39512BFF73C70067CA55 /* Number2ViewController.swift */; };
		3CBA39542BFF73CC0067CA55 /* Number2ViewController.storyboard in Resources */ = {isa = PBXBuildFile; fileRef = 3CBA39532BFF73CC0067CA55 /* Number2ViewController.storyboard */; };
		3CBA39562BFF73D90067CA55 /* Number3ViewController.swift in Sources */ = {isa = PBXBuildFile; fileRef = 3CBA39552BFF73D90067CA55 /* Number3ViewController.swift */; };
		3CBA39582BFF73DE0067CA55 /* Number3ViewController.storyboard in Resources */ = {isa = PBXBuildFile; fileRef = 3CBA39572BFF73DE0067CA55 /* Number3ViewController.storyboard */; };
		3CBA395A2BFF73E90067CA55 /* Number4ViewController.swift in Sources */ = {isa = PBXBuildFile; fileRef = 3CBA39592BFF73E90067CA55 /* Number4ViewController.swift */; };
		3CBA395C2BFF73EE0067CA55 /* Number4ViewController.storyboard in Resources */ = {isa = PBXBuildFile; fileRef = 3CBA395B2BFF73EE0067CA55 /* Number4ViewController.storyboard */; };
		3CBA395E2BFF73F90067CA55 /* Number5ViewController.swift in Sources */ = {isa = PBXBuildFile; fileRef = 3CBA395D2BFF73F90067CA55 /* Number5ViewController.swift */; };
		3CBA39602BFF74000067CA55 /* Number5ViewController.storyboard in Resources */ = {isa = PBXBuildFile; fileRef = 3CBA395F2BFF74000067CA55 /* Number5ViewController.storyboard */; };
		3CBA39622BFF740A0067CA55 /* Number6ViewController.swift in Sources */ = {isa = PBXBuildFile; fileRef = 3CBA39612BFF740A0067CA55 /* Number6ViewController.swift */; };
		3CBA39642BFF74100067CA55 /* Number6ViewController.storyboard in Resources */ = {isa = PBXBuildFile; fileRef = 3CBA39632BFF74100067CA55 /* Number6ViewController.storyboard */; };
		3CBA39662BFF74FA0067CA55 /* HeaderView.swift in Sources */ = {isa = PBXBuildFile; fileRef = 3CBA39652BFF74FA0067CA55 /* HeaderView.swift */; };
		3CBA39682BFF75050067CA55 /* HeaderView.xib in Resources */ = {isa = PBXBuildFile; fileRef = 3CBA39672BFF75050067CA55 /* HeaderView.xib */; };
		3CBA396A2BFF751D0067CA55 /* UIView.swift in Sources */ = {isa = PBXBuildFile; fileRef = 3CBA39692BFF751D0067CA55 /* UIView.swift */; };
		3CBA396C2BFF7C010067CA55 /* TagView.swift in Sources */ = {isa = PBXBuildFile; fileRef = 3CBA396B2BFF7C010067CA55 /* TagView.swift */; };
		3CBA396E2BFF7C070067CA55 /* TagView.xib in Resources */ = {isa = PBXBuildFile; fileRef = 3CBA396D2BFF7C070067CA55 /* TagView.xib */; };
		3CBA39702C00CF750067CA55 /* Number7ViewController.swift in Sources */ = {isa = PBXBuildFile; fileRef = 3CBA396F2C00CF750067CA55 /* Number7ViewController.swift */; };
		3CBA39722C00CF7B0067CA55 /* Number7ViewController.storyboard in Resources */ = {isa = PBXBuildFile; fileRef = 3CBA39712C00CF7B0067CA55 /* Number7ViewController.storyboard */; };
/* End PBXBuildFile section */

/* Begin PBXContainerItemProxy section */
		3CBA392C2BFEEFDB0067CA55 /* PBXContainerItemProxy */ = {
			isa = PBXContainerItemProxy;
			containerPortal = 3CBA390D2BFEEFD90067CA55 /* Project object */;
			proxyType = 1;
			remoteGlobalIDString = 3CBA39142BFEEFD90067CA55;
			remoteInfo = PageViewController2;
		};
		3CBA39362BFEEFDB0067CA55 /* PBXContainerItemProxy */ = {
			isa = PBXContainerItemProxy;
			containerPortal = 3CBA390D2BFEEFD90067CA55 /* Project object */;
			proxyType = 1;
			remoteGlobalIDString = 3CBA39142BFEEFD90067CA55;
			remoteInfo = PageViewController2;
		};
/* End PBXContainerItemProxy section */

/* Begin PBXFileReference section */
		3CBA39152BFEEFD90067CA55 /* PageViewController2.app */ = {isa = PBXFileReference; explicitFileType = wrapper.application; includeInIndex = 0; path = PageViewController2.app; sourceTree = BUILT_PRODUCTS_DIR; };
		3CBA39182BFEEFD90067CA55 /* AppDelegate.swift */ = {isa = PBXFileReference; lastKnownFileType = sourcecode.swift; path = AppDelegate.swift; sourceTree = "<group>"; };
		3CBA391A2BFEEFD90067CA55 /* SceneDelegate.swift */ = {isa = PBXFileReference; lastKnownFileType = sourcecode.swift; path = SceneDelegate.swift; sourceTree = "<group>"; };
		3CBA391C2BFEEFD90067CA55 /* ViewController.swift */ = {isa = PBXFileReference; lastKnownFileType = sourcecode.swift; path = ViewController.swift; sourceTree = "<group>"; };
		3CBA391F2BFEEFD90067CA55 /* Base */ = {isa = PBXFileReference; lastKnownFileType = file.storyboard; name = Base; path = Base.lproj/Main.storyboard; sourceTree = "<group>"; };
		3CBA39212BFEEFDB0067CA55 /* Assets.xcassets */ = {isa = PBXFileReference; lastKnownFileType = folder.assetcatalog; path = Assets.xcassets; sourceTree = "<group>"; };
		3CBA39242BFEEFDB0067CA55 /* Base */ = {isa = PBXFileReference; lastKnownFileType = file.storyboard; name = Base; path = Base.lproj/LaunchScreen.storyboard; sourceTree = "<group>"; };
		3CBA39262BFEEFDB0067CA55 /* Info.plist */ = {isa = PBXFileReference; lastKnownFileType = text.plist.xml; path = Info.plist; sourceTree = "<group>"; };
		3CBA392B2BFEEFDB0067CA55 /* PageViewController2Tests.xctest */ = {isa = PBXFileReference; explicitFileType = wrapper.cfbundle; includeInIndex = 0; path = PageViewController2Tests.xctest; sourceTree = BUILT_PRODUCTS_DIR; };
		3CBA39352BFEEFDB0067CA55 /* PageViewController2UITests.xctest */ = {isa = PBXFileReference; explicitFileType = wrapper.cfbundle; includeInIndex = 0; path = PageViewController2UITests.xctest; sourceTree = BUILT_PRODUCTS_DIR; };
		3CBA394B2BFF00280067CA55 /* UIStoryboard.swift */ = {isa = PBXFileReference; lastKnownFileType = sourcecode.swift; path = UIStoryboard.swift; sourceTree = "<group>"; };
		3CBA394D2BFF00540067CA55 /* Number1ViewController.swift */ = {isa = PBXFileReference; lastKnownFileType = sourcecode.swift; path = Number1ViewController.swift; sourceTree = "<group>"; };
		3CBA394F2BFF005A0067CA55 /* Number1ViewController.storyboard */ = {isa = PBXFileReference; lastKnownFileType = file.storyboard; path = Number1ViewController.storyboard; sourceTree = "<group>"; };
		3CBA39512BFF73C70067CA55 /* Number2ViewController.swift */ = {isa = PBXFileReference; lastKnownFileType = sourcecode.swift; path = Number2ViewController.swift; sourceTree = "<group>"; };
		3CBA39532BFF73CC0067CA55 /* Number2ViewController.storyboard */ = {isa = PBXFileReference; lastKnownFileType = file.storyboard; path = Number2ViewController.storyboard; sourceTree = "<group>"; };
		3CBA39552BFF73D90067CA55 /* Number3ViewController.swift */ = {isa = PBXFileReference; lastKnownFileType = sourcecode.swift; path = Number3ViewController.swift; sourceTree = "<group>"; };
		3CBA39572BFF73DE0067CA55 /* Number3ViewController.storyboard */ = {isa = PBXFileReference; lastKnownFileType = file.storyboard; path = Number3ViewController.storyboard; sourceTree = "<group>"; };
		3CBA39592BFF73E90067CA55 /* Number4ViewController.swift */ = {isa = PBXFileReference; lastKnownFileType = sourcecode.swift; path = Number4ViewController.swift; sourceTree = "<group>"; };
		3CBA395B2BFF73EE0067CA55 /* Number4ViewController.storyboard */ = {isa = PBXFileReference; lastKnownFileType = file.storyboard; path = Number4ViewController.storyboard; sourceTree = "<group>"; };
		3CBA395D2BFF73F90067CA55 /* Number5ViewController.swift */ = {isa = PBXFileReference; lastKnownFileType = sourcecode.swift; path = Number5ViewController.swift; sourceTree = "<group>"; };
		3CBA395F2BFF74000067CA55 /* Number5ViewController.storyboard */ = {isa = PBXFileReference; lastKnownFileType = file.storyboard; path = Number5ViewController.storyboard; sourceTree = "<group>"; };
		3CBA39612BFF740A0067CA55 /* Number6ViewController.swift */ = {isa = PBXFileReference; lastKnownFileType = sourcecode.swift; path = Number6ViewController.swift; sourceTree = "<group>"; };
		3CBA39632BFF74100067CA55 /* Number6ViewController.storyboard */ = {isa = PBXFileReference; lastKnownFileType = file.storyboard; path = Number6ViewController.storyboard; sourceTree = "<group>"; };
		3CBA39652BFF74FA0067CA55 /* HeaderView.swift */ = {isa = PBXFileReference; lastKnownFileType = sourcecode.swift; path = HeaderView.swift; sourceTree = "<group>"; };
		3CBA39672BFF75050067CA55 /* HeaderView.xib */ = {isa = PBXFileReference; lastKnownFileType = file.xib; path = HeaderView.xib; sourceTree = "<group>"; };
		3CBA39692BFF751D0067CA55 /* UIView.swift */ = {isa = PBXFileReference; lastKnownFileType = sourcecode.swift; path = UIView.swift; sourceTree = "<group>"; };
		3CBA396B2BFF7C010067CA55 /* TagView.swift */ = {isa = PBXFileReference; lastKnownFileType = sourcecode.swift; path = TagView.swift; sourceTree = "<group>"; };
		3CBA396D2BFF7C070067CA55 /* TagView.xib */ = {isa = PBXFileReference; lastKnownFileType = file.xib; path = TagView.xib; sourceTree = "<group>"; };
		3CBA396F2C00CF750067CA55 /* Number7ViewController.swift */ = {isa = PBXFileReference; lastKnownFileType = sourcecode.swift; path = Number7ViewController.swift; sourceTree = "<group>"; };
		3CBA39712C00CF7B0067CA55 /* Number7ViewController.storyboard */ = {isa = PBXFileReference; lastKnownFileType = file.storyboard; path = Number7ViewController.storyboard; sourceTree = "<group>"; };
/* End PBXFileReference section */

/* Begin PBXFrameworksBuildPhase section */
		3CBA39122BFEEFD90067CA55 /* Frameworks */ = {
			isa = PBXFrameworksBuildPhase;
			buildActionMask = 2147483647;
			files = (
			);
			runOnlyForDeploymentPostprocessing = 0;
		};
		3CBA39282BFEEFDB0067CA55 /* Frameworks */ = {
			isa = PBXFrameworksBuildPhase;
			buildActionMask = 2147483647;
			files = (
			);
			runOnlyForDeploymentPostprocessing = 0;
		};
		3CBA39322BFEEFDB0067CA55 /* Frameworks */ = {
			isa = PBXFrameworksBuildPhase;
			buildActionMask = 2147483647;
			files = (
			);
			runOnlyForDeploymentPostprocessing = 0;
		};
/* End PBXFrameworksBuildPhase section */

/* Begin PBXGroup section */
		3CBA390C2BFEEFD90067CA55 = {
			isa = PBXGroup;
			children = (
				3CBA39172BFEEFD90067CA55 /* PageViewController2 */,
				3CBA39162BFEEFD90067CA55 /* Products */,
			);
			sourceTree = "<group>";
		};
		3CBA39162BFEEFD90067CA55 /* Products */ = {
			isa = PBXGroup;
			children = (
				3CBA39152BFEEFD90067CA55 /* PageViewController2.app */,
				3CBA392B2BFEEFDB0067CA55 /* PageViewController2Tests.xctest */,
				3CBA39352BFEEFDB0067CA55 /* PageViewController2UITests.xctest */,
			);
			name = Products;
			sourceTree = "<group>";
		};
		3CBA39172BFEEFD90067CA55 /* PageViewController2 */ = {
			isa = PBXGroup;
			children = (
				3CBA39182BFEEFD90067CA55 /* AppDelegate.swift */,
				3CBA391A2BFEEFD90067CA55 /* SceneDelegate.swift */,
				3CBA394A2BFEFFD20067CA55 /* extensions */,
				3CBA39492BFEFFCE0067CA55 /* views */,
				3CBA39482BFEFFC30067CA55 /* viewControllers */,
				3CBA39212BFEEFDB0067CA55 /* Assets.xcassets */,
				3CBA39232BFEEFDB0067CA55 /* LaunchScreen.storyboard */,
				3CBA39262BFEEFDB0067CA55 /* Info.plist */,
			);
			path = PageViewController2;
			sourceTree = "<group>";
		};
		3CBA39482BFEFFC30067CA55 /* viewControllers */ = {
			isa = PBXGroup;
			children = (
				3CBA391C2BFEEFD90067CA55 /* ViewController.swift */,
				3CBA391E2BFEEFD90067CA55 /* Main.storyboard */,
				3CBA394D2BFF00540067CA55 /* Number1ViewController.swift */,
				3CBA394F2BFF005A0067CA55 /* Number1ViewController.storyboard */,
				3CBA39512BFF73C70067CA55 /* Number2ViewController.swift */,
				3CBA39532BFF73CC0067CA55 /* Number2ViewController.storyboard */,
				3CBA39552BFF73D90067CA55 /* Number3ViewController.swift */,
				3CBA39572BFF73DE0067CA55 /* Number3ViewController.storyboard */,
				3CBA39592BFF73E90067CA55 /* Number4ViewController.swift */,
				3CBA395B2BFF73EE0067CA55 /* Number4ViewController.storyboard */,
				3CBA395D2BFF73F90067CA55 /* Number5ViewController.swift */,
				3CBA395F2BFF74000067CA55 /* Number5ViewController.storyboard */,
				3CBA39612BFF740A0067CA55 /* Number6ViewController.swift */,
				3CBA39632BFF74100067CA55 /* Number6ViewController.storyboard */,
				3CBA396F2C00CF750067CA55 /* Number7ViewController.swift */,
				3CBA39712C00CF7B0067CA55 /* Number7ViewController.storyboard */,
			);
			path = viewControllers;
			sourceTree = "<group>";
		};
		3CBA39492BFEFFCE0067CA55 /* views */ = {
			isa = PBXGroup;
			children = (
				3CBA39652BFF74FA0067CA55 /* HeaderView.swift */,
				3CBA39672BFF75050067CA55 /* HeaderView.xib */,
				3CBA396B2BFF7C010067CA55 /* TagView.swift */,
				3CBA396D2BFF7C070067CA55 /* TagView.xib */,
			);
			path = views;
			sourceTree = "<group>";
		};
		3CBA394A2BFEFFD20067CA55 /* extensions */ = {
			isa = PBXGroup;
			children = (
				3CBA394B2BFF00280067CA55 /* UIStoryboard.swift */,
				3CBA39692BFF751D0067CA55 /* UIView.swift */,
			);
			path = extensions;
			sourceTree = "<group>";
		};
/* End PBXGroup section */

/* Begin PBXNativeTarget section */
		3CBA39142BFEEFD90067CA55 /* PageViewController2 */ = {
			isa = PBXNativeTarget;
			buildConfigurationList = 3CBA393F2BFEEFDB0067CA55 /* Build configuration list for PBXNativeTarget "PageViewController2" */;
			buildPhases = (
				3CBA39112BFEEFD90067CA55 /* Sources */,
				3CBA39122BFEEFD90067CA55 /* Frameworks */,
				3CBA39132BFEEFD90067CA55 /* Resources */,
			);
			buildRules = (
			);
			dependencies = (
			);
			name = PageViewController2;
			productName = PageViewController2;
			productReference = 3CBA39152BFEEFD90067CA55 /* PageViewController2.app */;
			productType = "com.apple.product-type.application";
		};
		3CBA392A2BFEEFDB0067CA55 /* PageViewController2Tests */ = {
			isa = PBXNativeTarget;
			buildConfigurationList = 3CBA39422BFEEFDB0067CA55 /* Build configuration list for PBXNativeTarget "PageViewController2Tests" */;
			buildPhases = (
				3CBA39272BFEEFDB0067CA55 /* Sources */,
				3CBA39282BFEEFDB0067CA55 /* Frameworks */,
				3CBA39292BFEEFDB0067CA55 /* Resources */,
			);
			buildRules = (
			);
			dependencies = (
				3CBA392D2BFEEFDB0067CA55 /* PBXTargetDependency */,
			);
			name = PageViewController2Tests;
			productName = PageViewController2Tests;
			productReference = 3CBA392B2BFEEFDB0067CA55 /* PageViewController2Tests.xctest */;
			productType = "com.apple.product-type.bundle.unit-test";
		};
		3CBA39342BFEEFDB0067CA55 /* PageViewController2UITests */ = {
			isa = PBXNativeTarget;
			buildConfigurationList = 3CBA39452BFEEFDB0067CA55 /* Build configuration list for PBXNativeTarget "PageViewController2UITests" */;
			buildPhases = (
				3CBA39312BFEEFDB0067CA55 /* Sources */,
				3CBA39322BFEEFDB0067CA55 /* Frameworks */,
				3CBA39332BFEEFDB0067CA55 /* Resources */,
			);
			buildRules = (
			);
			dependencies = (
				3CBA39372BFEEFDB0067CA55 /* PBXTargetDependency */,
			);
			name = PageViewController2UITests;
			productName = PageViewController2UITests;
			productReference = 3CBA39352BFEEFDB0067CA55 /* PageViewController2UITests.xctest */;
			productType = "com.apple.product-type.bundle.ui-testing";
		};
/* End PBXNativeTarget section */

/* Begin PBXProject section */
		3CBA390D2BFEEFD90067CA55 /* Project object */ = {
			isa = PBXProject;
			attributes = {
				BuildIndependentTargetsInParallel = 1;
				LastSwiftUpdateCheck = 1520;
				LastUpgradeCheck = 1520;
				TargetAttributes = {
					3CBA39142BFEEFD90067CA55 = {
						CreatedOnToolsVersion = 15.2;
					};
					3CBA392A2BFEEFDB0067CA55 = {
						CreatedOnToolsVersion = 15.2;
						TestTargetID = 3CBA39142BFEEFD90067CA55;
					};
					3CBA39342BFEEFDB0067CA55 = {
						CreatedOnToolsVersion = 15.2;
						TestTargetID = 3CBA39142BFEEFD90067CA55;
					};
				};
			};
			buildConfigurationList = 3CBA39102BFEEFD90067CA55 /* Build configuration list for PBXProject "PageViewController2" */;
			compatibilityVersion = "Xcode 14.0";
			developmentRegion = en;
			hasScannedForEncodings = 0;
			knownRegions = (
				en,
				Base,
			);
			mainGroup = 3CBA390C2BFEEFD90067CA55;
			productRefGroup = 3CBA39162BFEEFD90067CA55 /* Products */;
			projectDirPath = "";
			projectRoot = "";
			targets = (
				3CBA39142BFEEFD90067CA55 /* PageViewController2 */,
				3CBA392A2BFEEFDB0067CA55 /* PageViewController2Tests */,
				3CBA39342BFEEFDB0067CA55 /* PageViewController2UITests */,
			);
		};
/* End PBXProject section */

/* Begin PBXResourcesBuildPhase section */
		3CBA39132BFEEFD90067CA55 /* Resources */ = {
			isa = PBXResourcesBuildPhase;
			buildActionMask = 2147483647;
			files = (
				3CBA39602BFF74000067CA55 /* Number5ViewController.storyboard in Resources */,
				3CBA39682BFF75050067CA55 /* HeaderView.xib in Resources */,
				3CBA39502BFF005A0067CA55 /* Number1ViewController.storyboard in Resources */,
				3CBA39252BFEEFDB0067CA55 /* LaunchScreen.storyboard in Resources */,
				3CBA39722C00CF7B0067CA55 /* Number7ViewController.storyboard in Resources */,
				3CBA39542BFF73CC0067CA55 /* Number2ViewController.storyboard in Resources */,
				3CBA395C2BFF73EE0067CA55 /* Number4ViewController.storyboard in Resources */,
				3CBA39222BFEEFDB0067CA55 /* Assets.xcassets in Resources */,
				3CBA39642BFF74100067CA55 /* Number6ViewController.storyboard in Resources */,
				3CBA39582BFF73DE0067CA55 /* Number3ViewController.storyboard in Resources */,
				3CBA39202BFEEFD90067CA55 /* Main.storyboard in Resources */,
				3CBA396E2BFF7C070067CA55 /* TagView.xib in Resources */,
			);
			runOnlyForDeploymentPostprocessing = 0;
		};
		3CBA39292BFEEFDB0067CA55 /* Resources */ = {
			isa = PBXResourcesBuildPhase;
			buildActionMask = 2147483647;
			files = (
			);
			runOnlyForDeploymentPostprocessing = 0;
		};
		3CBA39332BFEEFDB0067CA55 /* Resources */ = {
			isa = PBXResourcesBuildPhase;
			buildActionMask = 2147483647;
			files = (
			);
			runOnlyForDeploymentPostprocessing = 0;
		};
/* End PBXResourcesBuildPhase section */

/* Begin PBXSourcesBuildPhase section */
		3CBA39112BFEEFD90067CA55 /* Sources */ = {
			isa = PBXSourcesBuildPhase;
			buildActionMask = 2147483647;
			files = (
				3CBA39562BFF73D90067CA55 /* Number3ViewController.swift in Sources */,
				3CBA394C2BFF00280067CA55 /* UIStoryboard.swift in Sources */,
				3CBA395E2BFF73F90067CA55 /* Number5ViewController.swift in Sources */,
				3CBA395A2BFF73E90067CA55 /* Number4ViewController.swift in Sources */,
				3CBA396A2BFF751D0067CA55 /* UIView.swift in Sources */,
				3CBA391D2BFEEFD90067CA55 /* ViewController.swift in Sources */,
				3CBA396C2BFF7C010067CA55 /* TagView.swift in Sources */,
				3CBA39522BFF73C70067CA55 /* Number2ViewController.swift in Sources */,
				3CBA39192BFEEFD90067CA55 /* AppDelegate.swift in Sources */,
				3CBA39662BFF74FA0067CA55 /* HeaderView.swift in Sources */,
				3CBA394E2BFF00540067CA55 /* Number1ViewController.swift in Sources */,
				3CBA39622BFF740A0067CA55 /* Number6ViewController.swift in Sources */,
				3CBA391B2BFEEFD90067CA55 /* SceneDelegate.swift in Sources */,
				3CBA39702C00CF750067CA55 /* Number7ViewController.swift in Sources */,
			);
			runOnlyForDeploymentPostprocessing = 0;
		};
		3CBA39272BFEEFDB0067CA55 /* Sources */ = {
			isa = PBXSourcesBuildPhase;
			buildActionMask = 2147483647;
			files = (
			);
			runOnlyForDeploymentPostprocessing = 0;
		};
		3CBA39312BFEEFDB0067CA55 /* Sources */ = {
			isa = PBXSourcesBuildPhase;
			buildActionMask = 2147483647;
			files = (
			);
			runOnlyForDeploymentPostprocessing = 0;
		};
/* End PBXSourcesBuildPhase section */

/* Begin PBXTargetDependency section */
		3CBA392D2BFEEFDB0067CA55 /* PBXTargetDependency */ = {
			isa = PBXTargetDependency;
			target = 3CBA39142BFEEFD90067CA55 /* PageViewController2 */;
			targetProxy = 3CBA392C2BFEEFDB0067CA55 /* PBXContainerItemProxy */;
		};
		3CBA39372BFEEFDB0067CA55 /* PBXTargetDependency */ = {
			isa = PBXTargetDependency;
			target = 3CBA39142BFEEFD90067CA55 /* PageViewController2 */;
			targetProxy = 3CBA39362BFEEFDB0067CA55 /* PBXContainerItemProxy */;
		};
/* End PBXTargetDependency section */

/* Begin PBXVariantGroup section */
		3CBA391E2BFEEFD90067CA55 /* Main.storyboard */ = {
			isa = PBXVariantGroup;
			children = (
				3CBA391F2BFEEFD90067CA55 /* Base */,
			);
			name = Main.storyboard;
			sourceTree = "<group>";
		};
		3CBA39232BFEEFDB0067CA55 /* LaunchScreen.storyboard */ = {
			isa = PBXVariantGroup;
			children = (
				3CBA39242BFEEFDB0067CA55 /* Base */,
			);
			name = LaunchScreen.storyboard;
			sourceTree = "<group>";
		};
/* End PBXVariantGroup section */

/* Begin XCBuildConfiguration section */
		3CBA393D2BFEEFDB0067CA55 /* Debug */ = {
			isa = XCBuildConfiguration;
			buildSettings = {
				ALWAYS_SEARCH_USER_PATHS = NO;
				ASSETCATALOG_COMPILER_GENERATE_SWIFT_ASSET_SYMBOL_EXTENSIONS = YES;
				CLANG_ANALYZER_NONNULL = YES;
				CLANG_ANALYZER_NUMBER_OBJECT_CONVERSION = YES_AGGRESSIVE;
				CLANG_CXX_LANGUAGE_STANDARD = "gnu++20";
				CLANG_ENABLE_MODULES = YES;
				CLANG_ENABLE_OBJC_ARC = YES;
				CLANG_ENABLE_OBJC_WEAK = YES;
				CLANG_WARN_BLOCK_CAPTURE_AUTORELEASING = YES;
				CLANG_WARN_BOOL_CONVERSION = YES;
				CLANG_WARN_COMMA = YES;
				CLANG_WARN_CONSTANT_CONVERSION = YES;
				CLANG_WARN_DEPRECATED_OBJC_IMPLEMENTATIONS = YES;
				CLANG_WARN_DIRECT_OBJC_ISA_USAGE = YES_ERROR;
				CLANG_WARN_DOCUMENTATION_COMMENTS = YES;
				CLANG_WARN_EMPTY_BODY = YES;
				CLANG_WARN_ENUM_CONVERSION = YES;
				CLANG_WARN_INFINITE_RECURSION = YES;
				CLANG_WARN_INT_CONVERSION = YES;
				CLANG_WARN_NON_LITERAL_NULL_CONVERSION = YES;
				CLANG_WARN_OBJC_IMPLICIT_RETAIN_SELF = YES;
				CLANG_WARN_OBJC_LITERAL_CONVERSION = YES;
				CLANG_WARN_OBJC_ROOT_CLASS = YES_ERROR;
				CLANG_WARN_QUOTED_INCLUDE_IN_FRAMEWORK_HEADER = YES;
				CLANG_WARN_RANGE_LOOP_ANALYSIS = YES;
				CLANG_WARN_STRICT_PROTOTYPES = YES;
				CLANG_WARN_SUSPICIOUS_MOVE = YES;
				CLANG_WARN_UNGUARDED_AVAILABILITY = YES_AGGRESSIVE;
				CLANG_WARN_UNREACHABLE_CODE = YES;
				CLANG_WARN__DUPLICATE_METHOD_MATCH = YES;
				COPY_PHASE_STRIP = NO;
				DEBUG_INFORMATION_FORMAT = dwarf;
				ENABLE_STRICT_OBJC_MSGSEND = YES;
				ENABLE_TESTABILITY = YES;
				ENABLE_USER_SCRIPT_SANDBOXING = YES;
				GCC_C_LANGUAGE_STANDARD = gnu17;
				GCC_DYNAMIC_NO_PIC = NO;
				GCC_NO_COMMON_BLOCKS = YES;
				GCC_OPTIMIZATION_LEVEL = 0;
				GCC_PREPROCESSOR_DEFINITIONS = (
					"DEBUG=1",
					"$(inherited)",
				);
				GCC_WARN_64_TO_32_BIT_CONVERSION = YES;
				GCC_WARN_ABOUT_RETURN_TYPE = YES_ERROR;
				GCC_WARN_UNDECLARED_SELECTOR = YES;
				GCC_WARN_UNINITIALIZED_AUTOS = YES_AGGRESSIVE;
				GCC_WARN_UNUSED_FUNCTION = YES;
				GCC_WARN_UNUSED_VARIABLE = YES;
				IPHONEOS_DEPLOYMENT_TARGET = 17.2;
				LOCALIZATION_PREFERS_STRING_CATALOGS = YES;
				MTL_ENABLE_DEBUG_INFO = INCLUDE_SOURCE;
				MTL_FAST_MATH = YES;
				ONLY_ACTIVE_ARCH = YES;
				SDKROOT = iphoneos;
				SWIFT_ACTIVE_COMPILATION_CONDITIONS = "DEBUG $(inherited)";
				SWIFT_OPTIMIZATION_LEVEL = "-Onone";
			};
			name = Debug;
		};
		3CBA393E2BFEEFDB0067CA55 /* Release */ = {
			isa = XCBuildConfiguration;
			buildSettings = {
				ALWAYS_SEARCH_USER_PATHS = NO;
				ASSETCATALOG_COMPILER_GENERATE_SWIFT_ASSET_SYMBOL_EXTENSIONS = YES;
				CLANG_ANALYZER_NONNULL = YES;
				CLANG_ANALYZER_NUMBER_OBJECT_CONVERSION = YES_AGGRESSIVE;
				CLANG_CXX_LANGUAGE_STANDARD = "gnu++20";
				CLANG_ENABLE_MODULES = YES;
				CLANG_ENABLE_OBJC_ARC = YES;
				CLANG_ENABLE_OBJC_WEAK = YES;
				CLANG_WARN_BLOCK_CAPTURE_AUTORELEASING = YES;
				CLANG_WARN_BOOL_CONVERSION = YES;
				CLANG_WARN_COMMA = YES;
				CLANG_WARN_CONSTANT_CONVERSION = YES;
				CLANG_WARN_DEPRECATED_OBJC_IMPLEMENTATIONS = YES;
				CLANG_WARN_DIRECT_OBJC_ISA_USAGE = YES_ERROR;
				CLANG_WARN_DOCUMENTATION_COMMENTS = YES;
				CLANG_WARN_EMPTY_BODY = YES;
				CLANG_WARN_ENUM_CONVERSION = YES;
				CLANG_WARN_INFINITE_RECURSION = YES;
				CLANG_WARN_INT_CONVERSION = YES;
				CLANG_WARN_NON_LITERAL_NULL_CONVERSION = YES;
				CLANG_WARN_OBJC_IMPLICIT_RETAIN_SELF = YES;
				CLANG_WARN_OBJC_LITERAL_CONVERSION = YES;
				CLANG_WARN_OBJC_ROOT_CLASS = YES_ERROR;
				CLANG_WARN_QUOTED_INCLUDE_IN_FRAMEWORK_HEADER = YES;
				CLANG_WARN_RANGE_LOOP_ANALYSIS = YES;
				CLANG_WARN_STRICT_PROTOTYPES = YES;
				CLANG_WARN_SUSPICIOUS_MOVE = YES;
				CLANG_WARN_UNGUARDED_AVAILABILITY = YES_AGGRESSIVE;
				CLANG_WARN_UNREACHABLE_CODE = YES;
				CLANG_WARN__DUPLICATE_METHOD_MATCH = YES;
				COPY_PHASE_STRIP = NO;
				DEBUG_INFORMATION_FORMAT = "dwarf-with-dsym";
				ENABLE_NS_ASSERTIONS = NO;
				ENABLE_STRICT_OBJC_MSGSEND = YES;
				ENABLE_USER_SCRIPT_SANDBOXING = YES;
				GCC_C_LANGUAGE_STANDARD = gnu17;
				GCC_NO_COMMON_BLOCKS = YES;
				GCC_WARN_64_TO_32_BIT_CONVERSION = YES;
				GCC_WARN_ABOUT_RETURN_TYPE = YES_ERROR;
				GCC_WARN_UNDECLARED_SELECTOR = YES;
				GCC_WARN_UNINITIALIZED_AUTOS = YES_AGGRESSIVE;
				GCC_WARN_UNUSED_FUNCTION = YES;
				GCC_WARN_UNUSED_VARIABLE = YES;
				IPHONEOS_DEPLOYMENT_TARGET = 17.2;
				LOCALIZATION_PREFERS_STRING_CATALOGS = YES;
				MTL_ENABLE_DEBUG_INFO = NO;
				MTL_FAST_MATH = YES;
				SDKROOT = iphoneos;
				SWIFT_COMPILATION_MODE = wholemodule;
				VALIDATE_PRODUCT = YES;
			};
			name = Release;
		};
		3CBA39402BFEEFDB0067CA55 /* Debug */ = {
			isa = XCBuildConfiguration;
			buildSettings = {
				ASSETCATALOG_COMPILER_APPICON_NAME = AppIcon;
				ASSETCATALOG_COMPILER_GLOBAL_ACCENT_COLOR_NAME = AccentColor;
				CODE_SIGN_STYLE = Automatic;
				CURRENT_PROJECT_VERSION = 1;
				DEVELOPMENT_TEAM = 5BR9PKVDZT;
				GENERATE_INFOPLIST_FILE = YES;
				INFOPLIST_FILE = PageViewController2/Info.plist;
				INFOPLIST_KEY_UIApplicationSupportsIndirectInputEvents = YES;
				INFOPLIST_KEY_UILaunchStoryboardName = LaunchScreen;
				INFOPLIST_KEY_UIMainStoryboardFile = Main;
				INFOPLIST_KEY_UISupportedInterfaceOrientations_iPad = "UIInterfaceOrientationPortrait UIInterfaceOrientationPortraitUpsideDown UIInterfaceOrientationLandscapeLeft UIInterfaceOrientationLandscapeRight";
				INFOPLIST_KEY_UISupportedInterfaceOrientations_iPhone = "UIInterfaceOrientationPortrait UIInterfaceOrientationLandscapeLeft UIInterfaceOrientationLandscapeRight";
				LD_RUNPATH_SEARCH_PATHS = (
					"$(inherited)",
					"@executable_path/Frameworks",
				);
				MARKETING_VERSION = 1.0;
				PRODUCT_BUNDLE_IDENTIFIER = okue.PageViewController2;
				PRODUCT_NAME = "$(TARGET_NAME)";
				SWIFT_EMIT_LOC_STRINGS = YES;
				SWIFT_VERSION = 5.0;
				TARGETED_DEVICE_FAMILY = "1,2";
			};
			name = Debug;
		};
		3CBA39412BFEEFDB0067CA55 /* Release */ = {
			isa = XCBuildConfiguration;
			buildSettings = {
				ASSETCATALOG_COMPILER_APPICON_NAME = AppIcon;
				ASSETCATALOG_COMPILER_GLOBAL_ACCENT_COLOR_NAME = AccentColor;
				CODE_SIGN_STYLE = Automatic;
				CURRENT_PROJECT_VERSION = 1;
				DEVELOPMENT_TEAM = 5BR9PKVDZT;
				GENERATE_INFOPLIST_FILE = YES;
				INFOPLIST_FILE = PageViewController2/Info.plist;
				INFOPLIST_KEY_UIApplicationSupportsIndirectInputEvents = YES;
				INFOPLIST_KEY_UILaunchStoryboardName = LaunchScreen;
				INFOPLIST_KEY_UIMainStoryboardFile = Main;
				INFOPLIST_KEY_UISupportedInterfaceOrientations_iPad = "UIInterfaceOrientationPortrait UIInterfaceOrientationPortraitUpsideDown UIInterfaceOrientationLandscapeLeft UIInterfaceOrientationLandscapeRight";
				INFOPLIST_KEY_UISupportedInterfaceOrientations_iPhone = "UIInterfaceOrientationPortrait UIInterfaceOrientationLandscapeLeft UIInterfaceOrientationLandscapeRight";
				LD_RUNPATH_SEARCH_PATHS = (
					"$(inherited)",
					"@executable_path/Frameworks",
				);
				MARKETING_VERSION = 1.0;
				PRODUCT_BUNDLE_IDENTIFIER = okue.PageViewController2;
				PRODUCT_NAME = "$(TARGET_NAME)";
				SWIFT_EMIT_LOC_STRINGS = YES;
				SWIFT_VERSION = 5.0;
				TARGETED_DEVICE_FAMILY = "1,2";
			};
			name = Release;
		};
		3CBA39432BFEEFDB0067CA55 /* Debug */ = {
			isa = XCBuildConfiguration;
			buildSettings = {
				ALWAYS_EMBED_SWIFT_STANDARD_LIBRARIES = YES;
				BUNDLE_LOADER = "$(TEST_HOST)";
				CODE_SIGN_STYLE = Automatic;
				CURRENT_PROJECT_VERSION = 1;
				DEVELOPMENT_TEAM = 5BR9PKVDZT;
				GENERATE_INFOPLIST_FILE = YES;
				IPHONEOS_DEPLOYMENT_TARGET = 17.2;
				MARKETING_VERSION = 1.0;
				PRODUCT_BUNDLE_IDENTIFIER = okue.PageViewController2Tests;
				PRODUCT_NAME = "$(TARGET_NAME)";
				SWIFT_EMIT_LOC_STRINGS = NO;
				SWIFT_VERSION = 5.0;
				TARGETED_DEVICE_FAMILY = "1,2";
				TEST_HOST = "$(BUILT_PRODUCTS_DIR)/PageViewController2.app/$(BUNDLE_EXECUTABLE_FOLDER_PATH)/PageViewController2";
			};
			name = Debug;
		};
		3CBA39442BFEEFDB0067CA55 /* Release */ = {
			isa = XCBuildConfiguration;
			buildSettings = {
				ALWAYS_EMBED_SWIFT_STANDARD_LIBRARIES = YES;
				BUNDLE_LOADER = "$(TEST_HOST)";
				CODE_SIGN_STYLE = Automatic;
				CURRENT_PROJECT_VERSION = 1;
				DEVELOPMENT_TEAM = 5BR9PKVDZT;
				GENERATE_INFOPLIST_FILE = YES;
				IPHONEOS_DEPLOYMENT_TARGET = 17.2;
				MARKETING_VERSION = 1.0;
				PRODUCT_BUNDLE_IDENTIFIER = okue.PageViewController2Tests;
				PRODUCT_NAME = "$(TARGET_NAME)";
				SWIFT_EMIT_LOC_STRINGS = NO;
				SWIFT_VERSION = 5.0;
				TARGETED_DEVICE_FAMILY = "1,2";
				TEST_HOST = "$(BUILT_PRODUCTS_DIR)/PageViewController2.app/$(BUNDLE_EXECUTABLE_FOLDER_PATH)/PageViewController2";
			};
			name = Release;
		};
		3CBA39462BFEEFDB0067CA55 /* Debug */ = {
			isa = XCBuildConfiguration;
			buildSettings = {
				ALWAYS_EMBED_SWIFT_STANDARD_LIBRARIES = YES;
				CODE_SIGN_STYLE = Automatic;
				CURRENT_PROJECT_VERSION = 1;
				DEVELOPMENT_TEAM = 5BR9PKVDZT;
				GENERATE_INFOPLIST_FILE = YES;
				MARKETING_VERSION = 1.0;
				PRODUCT_BUNDLE_IDENTIFIER = okue.PageViewController2UITests;
				PRODUCT_NAME = "$(TARGET_NAME)";
				SWIFT_EMIT_LOC_STRINGS = NO;
				SWIFT_VERSION = 5.0;
				TARGETED_DEVICE_FAMILY = "1,2";
				TEST_TARGET_NAME = PageViewController2;
			};
			name = Debug;
		};
		3CBA39472BFEEFDB0067CA55 /* Release */ = {
			isa = XCBuildConfiguration;
			buildSettings = {
				ALWAYS_EMBED_SWIFT_STANDARD_LIBRARIES = YES;
				CODE_SIGN_STYLE = Automatic;
				CURRENT_PROJECT_VERSION = 1;
				DEVELOPMENT_TEAM = 5BR9PKVDZT;
				GENERATE_INFOPLIST_FILE = YES;
				MARKETING_VERSION = 1.0;
				PRODUCT_BUNDLE_IDENTIFIER = okue.PageViewController2UITests;
				PRODUCT_NAME = "$(TARGET_NAME)";
				SWIFT_EMIT_LOC_STRINGS = NO;
				SWIFT_VERSION = 5.0;
				TARGETED_DEVICE_FAMILY = "1,2";
				TEST_TARGET_NAME = PageViewController2;
			};
			name = Release;
		};
/* End XCBuildConfiguration section */

/* Begin XCConfigurationList section */
		3CBA39102BFEEFD90067CA55 /* Build configuration list for PBXProject "PageViewController2" */ = {
			isa = XCConfigurationList;
			buildConfigurations = (
				3CBA393D2BFEEFDB0067CA55 /* Debug */,
				3CBA393E2BFEEFDB0067CA55 /* Release */,
			);
			defaultConfigurationIsVisible = 0;
			defaultConfigurationName = Release;
		};
		3CBA393F2BFEEFDB0067CA55 /* Build configuration list for PBXNativeTarget "PageViewController2" */ = {
			isa = XCConfigurationList;
			buildConfigurations = (
				3CBA39402BFEEFDB0067CA55 /* Debug */,
				3CBA39412BFEEFDB0067CA55 /* Release */,
			);
			defaultConfigurationIsVisible = 0;
			defaultConfigurationName = Release;
		};
		3CBA39422BFEEFDB0067CA55 /* Build configuration list for PBXNativeTarget "PageViewController2Tests" */ = {
			isa = XCConfigurationList;
			buildConfigurations = (
				3CBA39432BFEEFDB0067CA55 /* Debug */,
				3CBA39442BFEEFDB0067CA55 /* Release */,
			);
			defaultConfigurationIsVisible = 0;
			defaultConfigurationName = Release;
		};
		3CBA39452BFEEFDB0067CA55 /* Build configuration list for PBXNativeTarget "PageViewController2UITests" */ = {
			isa = XCConfigurationList;
			buildConfigurations = (
				3CBA39462BFEEFDB0067CA55 /* Debug */,
				3CBA39472BFEEFDB0067CA55 /* Release */,
			);
			defaultConfigurationIsVisible = 0;
			defaultConfigurationName = Release;
		};
/* End XCConfigurationList section */
	};
	rootObject = 3CBA390D2BFEEFD90067CA55 /* Project object */;
}
